{
  "name": "@my-company/content-lib",
  "version": "0.0.1",
  "lockfileVersion": 1,
  "requires": true,
  "dependencies": {
    "@my-company/core-lib": {
      "version": "file:../../dist/libs/core-lib/my-company-core-lib-0.0.1.tgz",
      "integrity": "sha512-JrALpHLoc20kcDuO6pxN2FIUbzp2IyWhwoTIR/4ep9Moq+2t5f89L4Saw1HYL2aVwGPHxy7x8LqPqwZ3AXZJDw==",
      "requires": {
        "tslib": "1.9.3"
      }
    },
    "tslib": {
      "version": "1.9.3",
      "resolved": "https://registry.npmjs.org/tslib/-/tslib-1.9.3.tgz",
      "integrity": "sha512-4krF8scpejhaOgqzBEcGM7yDIEfi0/8+8zDRZhNZZ2kjmHJ4hv3zCbQWxoJGz1iw5U0Jl0nma13xzHXcncMavQ=="
    }
  }
}
